
Microsoft Visual Studio Solution File, Format Version 11.00
# Visual Studio 2010
Project("{FAE04EC0-301F-11D3-BF4B-00C04F79EFBC}") = "Payment Tracker", "Payment Tracker\Payment Tracker.csproj", "{0280E3D6-5479-48B6-A8E6-543C354DC65D}"
EndProject
Global
	GlobalSection(SolutionConfigurationPlatforms) = preSolution
		Debug|x86 = Debug|x86
		Release|x86 = Release|x86
	EndGlobalSection
	GlobalSection(ProjectConfigurationPlatforms) = postSolution
		{0280E3D6-5479-48B6-A8E6-543C354DC65D}.Debug|x86.ActiveCfg = Debug|x86
		{0280E3D6-5479-48B6-A8E6-543C354DC65D}.Debug|x86.Build.0 = Debug|x86
		{0280E3D6-5479-48B6-A8E6-543C354DC65D}.Release|x86.ActiveCfg = Release|x86
		{0280E3D6-5479-48B6-A8E6-543C354DC65D}.Release|x86.Build.0 = Release|x86
	EndGlobalSection
	GlobalSection(SolutionProperties) = preSolution
		HideSolutionNode = FALSE
	EndGlobalSection
EndGlobal
