
Microsoft Visual Studio Solution File, Format Version 11.00
# Visual Studio 2010
Project("{FAE04EC0-301F-11D3-BF4B-00C04F79EFBC}") = "Clean Collect", "Clean Collect\Clean Collect.csproj", "{4F61D703-6A5B-49D1-A662-363834EB104D}"
EndProject
Project("{2150E333-8FDC-42A3-9474-1A3956D46DE8}") = "Solution Items", "Solution Items", "{71AC9F59-C9DF-46EC-B03C-30D3520EAACA}"
	ProjectSection(SolutionItems) = preProject
		Performance1.psess = Performance1.psess
	EndProjectSection
EndProject
Global
	GlobalSection(SolutionConfigurationPlatforms) = preSolution
		Debug|x86 = Debug|x86
		Release|x86 = Release|x86
	EndGlobalSection
	GlobalSection(ProjectConfigurationPlatforms) = postSolution
		{4F61D703-6A5B-49D1-A662-363834EB104D}.Debug|x86.ActiveCfg = Debug|x86
		{4F61D703-6A5B-49D1-A662-363834EB104D}.Debug|x86.Build.0 = Debug|x86
		{4F61D703-6A5B-49D1-A662-363834EB104D}.Release|x86.ActiveCfg = Release|x86
		{4F61D703-6A5B-49D1-A662-363834EB104D}.Release|x86.Build.0 = Release|x86
	EndGlobalSection
	GlobalSection(SolutionProperties) = preSolution
		HideSolutionNode = FALSE
	EndGlobalSection
EndGlobal
