
Microsoft Visual Studio Solution File, Format Version 11.00
# Visual Studio 2010
Project("{FAE04EC0-301F-11D3-BF4B-00C04F79EFBC}") = "SMMO Web Service", "SMMO Web Service\SMMO Web Service.csproj", "{AAFD7851-3852-40BF-831A-2A8B74F6580C}"
EndProject
Project("{FAE04EC0-301F-11D3-BF4B-00C04F79EFBC}") = "SMMO Stocker", "SMMO Stocker\SMMO Stocker.csproj", "{5C09CC98-8864-464F-A6DC-7B96395D28EF}"
	ProjectSection(ProjectDependencies) = postProject
		{AAFD7851-3852-40BF-831A-2A8B74F6580C} = {AAFD7851-3852-40BF-831A-2A8B74F6580C}
	EndProjectSection
EndProject
Project("{FAE04EC0-301F-11D3-BF4B-00C04F79EFBC}") = "SmarterMMO Stock", "SmarterMMO Stock\SmarterMMO Stock.csproj", "{DD917691-6619-40AB-A641-D9BF9A395057}"
EndProject
Global
	GlobalSection(SolutionConfigurationPlatforms) = preSolution
		Debug|Any CPU = Debug|Any CPU
		Release|Any CPU = Release|Any CPU
	EndGlobalSection
	GlobalSection(ProjectConfigurationPlatforms) = postSolution
		{AAFD7851-3852-40BF-831A-2A8B74F6580C}.Debug|Any CPU.ActiveCfg = Debug|Any CPU
		{AAFD7851-3852-40BF-831A-2A8B74F6580C}.Debug|Any CPU.Build.0 = Debug|Any CPU
		{AAFD7851-3852-40BF-831A-2A8B74F6580C}.Release|Any CPU.ActiveCfg = Release|Any CPU
		{AAFD7851-3852-40BF-831A-2A8B74F6580C}.Release|Any CPU.Build.0 = Release|Any CPU
		{5C09CC98-8864-464F-A6DC-7B96395D28EF}.Debug|Any CPU.ActiveCfg = Debug|Any CPU
		{5C09CC98-8864-464F-A6DC-7B96395D28EF}.Debug|Any CPU.Build.0 = Debug|Any CPU
		{5C09CC98-8864-464F-A6DC-7B96395D28EF}.Release|Any CPU.ActiveCfg = Release|Any CPU
		{5C09CC98-8864-464F-A6DC-7B96395D28EF}.Release|Any CPU.Build.0 = Release|Any CPU
		{DD917691-6619-40AB-A641-D9BF9A395057}.Debug|Any CPU.ActiveCfg = Debug|Any CPU
		{DD917691-6619-40AB-A641-D9BF9A395057}.Debug|Any CPU.Build.0 = Debug|Any CPU
		{DD917691-6619-40AB-A641-D9BF9A395057}.Release|Any CPU.ActiveCfg = Release|Any CPU
		{DD917691-6619-40AB-A641-D9BF9A395057}.Release|Any CPU.Build.0 = Release|Any CPU
	EndGlobalSection
	GlobalSection(SolutionProperties) = preSolution
		HideSolutionNode = FALSE
	EndGlobalSection
EndGlobal
