
Microsoft Visual Studio Solution File, Format Version 10.00
# Visual Studio 2008
Project("{FAE04EC0-301F-11D3-BF4B-00C04F79EFBC}") = "SmartLock", "SmartLock\SmartLock.csproj", "{14747D0B-3B09-4009-9A7D-77E1CA324986}"
EndProject
Global
	GlobalSection(SolutionConfigurationPlatforms) = preSolution
		Debug|Any CPU = Debug|Any CPU
		Release|Any CPU = Release|Any CPU
	EndGlobalSection
	GlobalSection(ProjectConfigurationPlatforms) = postSolution
		{14747D0B-3B09-4009-9A7D-77E1CA324986}.Debug|Any CPU.ActiveCfg = Debug|Any CPU
		{14747D0B-3B09-4009-9A7D-77E1CA324986}.Debug|Any CPU.Build.0 = Debug|Any CPU
		{14747D0B-3B09-4009-9A7D-77E1CA324986}.Release|Any CPU.ActiveCfg = Release|Any CPU
		{14747D0B-3B09-4009-9A7D-77E1CA324986}.Release|Any CPU.Build.0 = Release|Any CPU
	EndGlobalSection
	GlobalSection(SolutionProperties) = preSolution
		HideSolutionNode = FALSE
	EndGlobalSection
EndGlobal
