
Microsoft Visual Studio Solution File, Format Version 11.00
# Visual Studio 2010
Project("{FAE04EC0-301F-11D3-BF4B-00C04F79EFBC}") = "UpdateBuddy", "UpdateBuddy\UpdateBuddy.csproj", "{ef1ff108-39d4-4f82-b0c5-bc8ee34448c7}"
EndProject
Global
	GlobalSection(SolutionConfigurationPlatforms) = preSolution
		Debug|Any CPU = Debug|Any CPU
		Release|Any CPU = Release|Any CPU
	EndGlobalSection
	GlobalSection(ProjectConfigurationPlatforms) = postSolution
		{EF1FF108-39D4-4F82-B0C5-BC8EE34448C7}.Debug|Any CPU.ActiveCfg = Debug|Any CPU
		{EF1FF108-39D4-4F82-B0C5-BC8EE34448C7}.Debug|Any CPU.Build.0 = Debug|Any CPU
		{EF1FF108-39D4-4F82-B0C5-BC8EE34448C7}.Release|Any CPU.ActiveCfg = Release|Any CPU
		{EF1FF108-39D4-4F82-B0C5-BC8EE34448C7}.Release|Any CPU.Build.0 = Release|Any CPU
	EndGlobalSection
EndGlobal
