
Microsoft Visual Studio Solution File, Format Version 11.00
# Visual Studio 2010
Project("{FAE04EC0-301F-11D3-BF4B-00C04F79EFBC}") = "DefendObject", "DefendObject\DefendObject.csproj", "{A40F1F95-7F75-4174-B459-2B9820BC323A}"
EndProject
Global
	GlobalSection(SolutionConfigurationPlatforms) = preSolution
		Debug|Any CPU = Debug|Any CPU
		Release|Any CPU = Release|Any CPU
	EndGlobalSection
	GlobalSection(ProjectConfigurationPlatforms) = postSolution
		{A40F1F95-7F75-4174-B459-2B9820BC323A}.Debug|Any CPU.ActiveCfg = Debug|Any CPU
		{A40F1F95-7F75-4174-B459-2B9820BC323A}.Debug|Any CPU.Build.0 = Debug|Any CPU
		{A40F1F95-7F75-4174-B459-2B9820BC323A}.Release|Any CPU.ActiveCfg = Release|Any CPU
		{A40F1F95-7F75-4174-B459-2B9820BC323A}.Release|Any CPU.Build.0 = Release|Any CPU
	EndGlobalSection
	GlobalSection(SolutionProperties) = preSolution
		HideSolutionNode = FALSE
	EndGlobalSection
EndGlobal
